{
  "name": "chat-app",
  "version": "1.0.0",
  "lockfileVersion": 3,
  "requires": true,
  "packages": {
    "": {
      "name": "chat-app",
      "version": "1.0.0",
      "license": "ISC",
      "dependencies": {
        "i": "^0.3.7",
        "zustand": "^5.0.2"
      }
    },
    "node_modules/i": {
      "version": "0.3.7",
      "resolved": "https://registry.npmjs.org/i/-/i-0.3.7.tgz",
      "integrity": "sha512-FYz4wlXgkQwIPqhzC5TdNMLSE5+GS1IIDJZY/1ZiEPCT2S3COUVZeT5OW4BmW4r5LHLQuOosSwsvnroG9GR59Q==",
      "engines": {
        "node": ">=0.4"
      }
    },
    "node_modules/zustand": {
      "version": "5.0.2",
      "resolved": "https://registry.npmjs.org/zustand/-/zustand-5.0.2.tgz",
      "integrity": "sha512-8qNdnJVJlHlrKXi50LDqqUNmUbuBjoKLrYQBnoChIbVph7vni+sY+YpvdjXG9YLd/Bxr6scMcR+rm5H3aSqPaw==",
      "license": "MIT",
      "engines": {
        "node": ">=12.20.0"
      },
      "peerDependencies": {
        "@types/react": ">=18.0.0",
        "immer": ">=9.0.6",
        "react": ">=18.0.0",
        "use-sync-external-store": ">=1.2.0"
      },
      "peerDependenciesMeta": {
        "@types/react": {
          "optional": true
        },
        "immer": {
          "optional": true
        },
        "react": {
          "optional": true
        },
        "use-sync-external-store": {
          "optional": true
        }
      }
    }
  }
}
